
Microsoft Visual Studio Solution File, Format Version 12.00
# Visual Studio Version 16
VisualStudioVersion = 16.0.30804.86
MinimumVisualStudioVersion = 10.0.40219.1
Project("{FAE04EC0-301F-11D3-BF4B-00C04F79EFBC}") = "PriceEstimatior", "PriceEstimatior\PriceEstimatior.csproj", "{6256D0CF-D9D0-4539-8E9B-5735AA99FA33}"
EndProject
Global
	GlobalSection(SolutionConfigurationPlatforms) = preSolution
		Debug|Any CPU = Debug|Any CPU
		Release|Any CPU = Release|Any CPU
	EndGlobalSection
	GlobalSection(ProjectConfigurationPlatforms) = postSolution
		{6256D0CF-D9D0-4539-8E9B-5735AA99FA33}.Debug|Any CPU.ActiveCfg = Debug|Any CPU
		{6256D0CF-D9D0-4539-8E9B-5735AA99FA33}.Debug|Any CPU.Build.0 = Debug|Any CPU
		{6256D0CF-D9D0-4539-8E9B-5735AA99FA33}.Release|Any CPU.ActiveCfg = Release|Any CPU
		{6256D0CF-D9D0-4539-8E9B-5735AA99FA33}.Release|Any CPU.Build.0 = Release|Any CPU
	EndGlobalSection
	GlobalSection(SolutionProperties) = preSolution
		HideSolutionNode = FALSE
	EndGlobalSection
	GlobalSection(ExtensibilityGlobals) = postSolution
		SolutionGuid = {19F1966A-8F2C-4D58-913A-8CB7BF3F869B}
	EndGlobalSection
EndGlobal
